
Microsoft Visual Studio Solution File, Format Version 12.00
# Visual Studio Version 17
VisualStudioVersion = 17.1.32414.318
MinimumVisualStudioVersion = 10.0.40219.1
Project("{2150E333-8FDC-42A3-9474-1A3956D46DE8}") = "Entities", "Entities", "{F6C3B55D-30A7-446C-B402-91B768449EA9}"
EndProject
Project("{2150E333-8FDC-42A3-9474-1A3956D46DE8}") = "Business", "Business", "{3EFA8CDB-AB7C-4C34-B0F7-05075FDF2A07}"
EndProject
Project("{2150E333-8FDC-42A3-9474-1A3956D46DE8}") = "Daos", "Daos", "{C5479B51-2345-4151-A389-1E21502AB483}"
EndProject
Project("{2150E333-8FDC-42A3-9474-1A3956D46DE8}") = "Services", "Services", "{C17C6E71-1E9B-453C-88AD-4FB4ACAD31B0}"
EndProject
Project("{9A19103F-16F7-4668-BE54-9A1E7A4F7556}") = "DataModel", "DataModel\DataModel.csproj", "{969DFE0A-8143-4EFA-9F71-972AA7E5143D}"
EndProject
Project("{9A19103F-16F7-4668-BE54-9A1E7A4F7556}") = "DataAccess", "DataAccess\DataAccess.csproj", "{EF126ADF-B9ED-4DEB-BDB0-D74B569952EF}"
	ProjectSection(ProjectDependencies) = postProject
		{969DFE0A-8143-4EFA-9F71-972AA7E5143D} = {969DFE0A-8143-4EFA-9F71-972AA7E5143D}
	EndProjectSection
EndProject
Project("{9A19103F-16F7-4668-BE54-9A1E7A4F7556}") = "DataBusiness", "DataBusiness\DataBusiness.csproj", "{6071CE43-7EAC-4954-8F6B-E69A77F9ADD9}"
	ProjectSection(ProjectDependencies) = postProject
		{969DFE0A-8143-4EFA-9F71-972AA7E5143D} = {969DFE0A-8143-4EFA-9F71-972AA7E5143D}
		{EF126ADF-B9ED-4DEB-BDB0-D74B569952EF} = {EF126ADF-B9ED-4DEB-BDB0-D74B569952EF}
	EndProjectSection
EndProject
Project("{9A19103F-16F7-4668-BE54-9A1E7A4F7556}") = "ServiceApis", "ServiceApis\ServiceApis.csproj", "{F2E76A43-BED9-409E-906B-E5989D6B0780}"
EndProject
Project("{2150E333-8FDC-42A3-9474-1A3956D46DE8}") = "Utils", "Utils", "{7A316DE3-FE1C-4AF9-BFD0-8D018F7CD5B1}"
EndProject
Project("{FAE04EC0-301F-11D3-BF4B-00C04F79EFBC}") = "DataUtils", "DataUtils\DataUtils.csproj", "{AEBA09CD-040C-4A4E-B706-479C292DAB72}"
EndProject
Global
	GlobalSection(SolutionConfigurationPlatforms) = preSolution
		Debug|Any CPU = Debug|Any CPU
		Debug|ARM = Debug|ARM
		Debug|ARM64 = Debug|ARM64
		Debug|x64 = Debug|x64
		Debug|x86 = Debug|x86
		Release|Any CPU = Release|Any CPU
		Release|ARM = Release|ARM
		Release|ARM64 = Release|ARM64
		Release|x64 = Release|x64
		Release|x86 = Release|x86
	EndGlobalSection
	GlobalSection(ProjectConfigurationPlatforms) = postSolution
		{969DFE0A-8143-4EFA-9F71-972AA7E5143D}.Debug|Any CPU.ActiveCfg = Debug|Any CPU
		{969DFE0A-8143-4EFA-9F71-972AA7E5143D}.Debug|Any CPU.Build.0 = Debug|Any CPU
		{969DFE0A-8143-4EFA-9F71-972AA7E5143D}.Debug|ARM.ActiveCfg = Debug|Any CPU
		{969DFE0A-8143-4EFA-9F71-972AA7E5143D}.Debug|ARM.Build.0 = Debug|Any CPU
		{969DFE0A-8143-4EFA-9F71-972AA7E5143D}.Debug|ARM64.ActiveCfg = Debug|Any CPU
		{969DFE0A-8143-4EFA-9F71-972AA7E5143D}.Debug|ARM64.Build.0 = Debug|Any CPU
		{969DFE0A-8143-4EFA-9F71-972AA7E5143D}.Debug|x64.ActiveCfg = Debug|Any CPU
		{969DFE0A-8143-4EFA-9F71-972AA7E5143D}.Debug|x64.Build.0 = Debug|Any CPU
		{969DFE0A-8143-4EFA-9F71-972AA7E5143D}.Debug|x86.ActiveCfg = Debug|Any CPU
		{969DFE0A-8143-4EFA-9F71-972AA7E5143D}.Debug|x86.Build.0 = Debug|Any CPU
		{969DFE0A-8143-4EFA-9F71-972AA7E5143D}.Release|Any CPU.ActiveCfg = Release|Any CPU
		{969DFE0A-8143-4EFA-9F71-972AA7E5143D}.Release|Any CPU.Build.0 = Release|Any CPU
		{969DFE0A-8143-4EFA-9F71-972AA7E5143D}.Release|ARM.ActiveCfg = Release|Any CPU
		{969DFE0A-8143-4EFA-9F71-972AA7E5143D}.Release|ARM.Build.0 = Release|Any CPU
		{969DFE0A-8143-4EFA-9F71-972AA7E5143D}.Release|ARM64.ActiveCfg = Release|Any CPU
		{969DFE0A-8143-4EFA-9F71-972AA7E5143D}.Release|ARM64.Build.0 = Release|Any CPU
		{969DFE0A-8143-4EFA-9F71-972AA7E5143D}.Release|x64.ActiveCfg = Release|Any CPU
		{969DFE0A-8143-4EFA-9F71-972AA7E5143D}.Release|x64.Build.0 = Release|Any CPU
		{969DFE0A-8143-4EFA-9F71-972AA7E5143D}.Release|x86.ActiveCfg = Release|Any CPU
		{969DFE0A-8143-4EFA-9F71-972AA7E5143D}.Release|x86.Build.0 = Release|Any CPU
		{EF126ADF-B9ED-4DEB-BDB0-D74B569952EF}.Debug|Any CPU.ActiveCfg = Debug|Any CPU
		{EF126ADF-B9ED-4DEB-BDB0-D74B569952EF}.Debug|Any CPU.Build.0 = Debug|Any CPU
		{EF126ADF-B9ED-4DEB-BDB0-D74B569952EF}.Debug|ARM.ActiveCfg = Debug|Any CPU
		{EF126ADF-B9ED-4DEB-BDB0-D74B569952EF}.Debug|ARM.Build.0 = Debug|Any CPU
		{EF126ADF-B9ED-4DEB-BDB0-D74B569952EF}.Debug|ARM64.ActiveCfg = Debug|Any CPU
		{EF126ADF-B9ED-4DEB-BDB0-D74B569952EF}.Debug|ARM64.Build.0 = Debug|Any CPU
		{EF126ADF-B9ED-4DEB-BDB0-D74B569952EF}.Debug|x64.ActiveCfg = Debug|Any CPU
		{EF126ADF-B9ED-4DEB-BDB0-D74B569952EF}.Debug|x64.Build.0 = Debug|Any CPU
		{EF126ADF-B9ED-4DEB-BDB0-D74B569952EF}.Debug|x86.ActiveCfg = Debug|Any CPU
		{EF126ADF-B9ED-4DEB-BDB0-D74B569952EF}.Debug|x86.Build.0 = Debug|Any CPU
		{EF126ADF-B9ED-4DEB-BDB0-D74B569952EF}.Release|Any CPU.ActiveCfg = Release|Any CPU
		{EF126ADF-B9ED-4DEB-BDB0-D74B569952EF}.Release|Any CPU.Build.0 = Release|Any CPU
		{EF126ADF-B9ED-4DEB-BDB0-D74B569952EF}.Release|ARM.ActiveCfg = Release|Any CPU
		{EF126ADF-B9ED-4DEB-BDB0-D74B569952EF}.Release|ARM.Build.0 = Release|Any CPU
		{EF126ADF-B9ED-4DEB-BDB0-D74B569952EF}.Release|ARM64.ActiveCfg = Release|Any CPU
		{EF126ADF-B9ED-4DEB-BDB0-D74B569952EF}.Release|ARM64.Build.0 = Release|Any CPU
		{EF126ADF-B9ED-4DEB-BDB0-D74B569952EF}.Release|x64.ActiveCfg = Release|Any CPU
		{EF126ADF-B9ED-4DEB-BDB0-D74B569952EF}.Release|x64.Build.0 = Release|Any CPU
		{EF126ADF-B9ED-4DEB-BDB0-D74B569952EF}.Release|x86.ActiveCfg = Release|Any CPU
		{EF126ADF-B9ED-4DEB-BDB0-D74B569952EF}.Release|x86.Build.0 = Release|Any CPU
		{6071CE43-7EAC-4954-8F6B-E69A77F9ADD9}.Debug|Any CPU.ActiveCfg = Debug|Any CPU
		{6071CE43-7EAC-4954-8F6B-E69A77F9ADD9}.Debug|Any CPU.Build.0 = Debug|Any CPU
		{6071CE43-7EAC-4954-8F6B-E69A77F9ADD9}.Debug|ARM.ActiveCfg = Debug|Any CPU
		{6071CE43-7EAC-4954-8F6B-E69A77F9ADD9}.Debug|ARM.Build.0 = Debug|Any CPU
		{6071CE43-7EAC-4954-8F6B-E69A77F9ADD9}.Debug|ARM64.ActiveCfg = Debug|Any CPU
		{6071CE43-7EAC-4954-8F6B-E69A77F9ADD9}.Debug|ARM64.Build.0 = Debug|Any CPU
		{6071CE43-7EAC-4954-8F6B-E69A77F9ADD9}.Debug|x64.ActiveCfg = Debug|Any CPU
		{6071CE43-7EAC-4954-8F6B-E69A77F9ADD9}.Debug|x64.Build.0 = Debug|Any CPU
		{6071CE43-7EAC-4954-8F6B-E69A77F9ADD9}.Debug|x86.ActiveCfg = Debug|Any CPU
		{6071CE43-7EAC-4954-8F6B-E69A77F9ADD9}.Debug|x86.Build.0 = Debug|Any CPU
		{6071CE43-7EAC-4954-8F6B-E69A77F9ADD9}.Release|Any CPU.ActiveCfg = Release|Any CPU
		{6071CE43-7EAC-4954-8F6B-E69A77F9ADD9}.Release|Any CPU.Build.0 = Release|Any CPU
		{6071CE43-7EAC-4954-8F6B-E69A77F9ADD9}.Release|ARM.ActiveCfg = Release|Any CPU
		{6071CE43-7EAC-4954-8F6B-E69A77F9ADD9}.Release|ARM.Build.0 = Release|Any CPU
		{6071CE43-7EAC-4954-8F6B-E69A77F9ADD9}.Release|ARM64.ActiveCfg = Release|Any CPU
		{6071CE43-7EAC-4954-8F6B-E69A77F9ADD9}.Release|ARM64.Build.0 = Release|Any CPU
		{6071CE43-7EAC-4954-8F6B-E69A77F9ADD9}.Release|x64.ActiveCfg = Release|Any CPU
		{6071CE43-7EAC-4954-8F6B-E69A77F9ADD9}.Release|x64.Build.0 = Release|Any CPU
		{6071CE43-7EAC-4954-8F6B-E69A77F9ADD9}.Release|x86.ActiveCfg = Release|Any CPU
		{6071CE43-7EAC-4954-8F6B-E69A77F9ADD9}.Release|x86.Build.0 = Release|Any CPU
		{F2E76A43-BED9-409E-906B-E5989D6B0780}.Debug|Any CPU.ActiveCfg = Debug|Any CPU
		{F2E76A43-BED9-409E-906B-E5989D6B0780}.Debug|Any CPU.Build.0 = Debug|Any CPU
		{F2E76A43-BED9-409E-906B-E5989D6B0780}.Debug|ARM.ActiveCfg = Debug|Any CPU
		{F2E76A43-BED9-409E-906B-E5989D6B0780}.Debug|ARM.Build.0 = Debug|Any CPU
		{F2E76A43-BED9-409E-906B-E5989D6B0780}.Debug|ARM64.ActiveCfg = Debug|Any CPU
		{F2E76A43-BED9-409E-906B-E5989D6B0780}.Debug|ARM64.Build.0 = Debug|Any CPU
		{F2E76A43-BED9-409E-906B-E5989D6B0780}.Debug|x64.ActiveCfg = Debug|Any CPU
		{F2E76A43-BED9-409E-906B-E5989D6B0780}.Debug|x64.Build.0 = Debug|Any CPU
		{F2E76A43-BED9-409E-906B-E5989D6B0780}.Debug|x86.ActiveCfg = Debug|Any CPU
		{F2E76A43-BED9-409E-906B-E5989D6B0780}.Debug|x86.Build.0 = Debug|Any CPU
		{F2E76A43-BED9-409E-906B-E5989D6B0780}.Release|Any CPU.ActiveCfg = Release|Any CPU
		{F2E76A43-BED9-409E-906B-E5989D6B0780}.Release|Any CPU.Build.0 = Release|Any CPU
		{F2E76A43-BED9-409E-906B-E5989D6B0780}.Release|ARM.ActiveCfg = Release|Any CPU
		{F2E76A43-BED9-409E-906B-E5989D6B0780}.Release|ARM.Build.0 = Release|Any CPU
		{F2E76A43-BED9-409E-906B-E5989D6B0780}.Release|ARM64.ActiveCfg = Release|Any CPU
		{F2E76A43-BED9-409E-906B-E5989D6B0780}.Release|ARM64.Build.0 = Release|Any CPU
		{F2E76A43-BED9-409E-906B-E5989D6B0780}.Release|x64.ActiveCfg = Release|Any CPU
		{F2E76A43-BED9-409E-906B-E5989D6B0780}.Release|x64.Build.0 = Release|Any CPU
		{F2E76A43-BED9-409E-906B-E5989D6B0780}.Release|x86.ActiveCfg = Release|Any CPU
		{F2E76A43-BED9-409E-906B-E5989D6B0780}.Release|x86.Build.0 = Release|Any CPU
		{AEBA09CD-040C-4A4E-B706-479C292DAB72}.Debug|Any CPU.ActiveCfg = Debug|Any CPU
		{AEBA09CD-040C-4A4E-B706-479C292DAB72}.Debug|Any CPU.Build.0 = Debug|Any CPU
		{AEBA09CD-040C-4A4E-B706-479C292DAB72}.Debug|ARM.ActiveCfg = Debug|Any CPU
		{AEBA09CD-040C-4A4E-B706-479C292DAB72}.Debug|ARM.Build.0 = Debug|Any CPU
		{AEBA09CD-040C-4A4E-B706-479C292DAB72}.Debug|ARM64.ActiveCfg = Debug|Any CPU
		{AEBA09CD-040C-4A4E-B706-479C292DAB72}.Debug|ARM64.Build.0 = Debug|Any CPU
		{AEBA09CD-040C-4A4E-B706-479C292DAB72}.Debug|x64.ActiveCfg = Debug|Any CPU
		{AEBA09CD-040C-4A4E-B706-479C292DAB72}.Debug|x64.Build.0 = Debug|Any CPU
		{AEBA09CD-040C-4A4E-B706-479C292DAB72}.Debug|x86.ActiveCfg = Debug|Any CPU
		{AEBA09CD-040C-4A4E-B706-479C292DAB72}.Debug|x86.Build.0 = Debug|Any CPU
		{AEBA09CD-040C-4A4E-B706-479C292DAB72}.Release|Any CPU.ActiveCfg = Release|Any CPU
		{AEBA09CD-040C-4A4E-B706-479C292DAB72}.Release|Any CPU.Build.0 = Release|Any CPU
		{AEBA09CD-040C-4A4E-B706-479C292DAB72}.Release|ARM.ActiveCfg = Release|Any CPU
		{AEBA09CD-040C-4A4E-B706-479C292DAB72}.Release|ARM.Build.0 = Release|Any CPU
		{AEBA09CD-040C-4A4E-B706-479C292DAB72}.Release|ARM64.ActiveCfg = Release|Any CPU
		{AEBA09CD-040C-4A4E-B706-479C292DAB72}.Release|ARM64.Build.0 = Release|Any CPU
		{AEBA09CD-040C-4A4E-B706-479C292DAB72}.Release|x64.ActiveCfg = Release|Any CPU
		{AEBA09CD-040C-4A4E-B706-479C292DAB72}.Release|x64.Build.0 = Release|Any CPU
		{AEBA09CD-040C-4A4E-B706-479C292DAB72}.Release|x86.ActiveCfg = Release|Any CPU
		{AEBA09CD-040C-4A4E-B706-479C292DAB72}.Release|x86.Build.0 = Release|Any CPU
	EndGlobalSection
	GlobalSection(SolutionProperties) = preSolution
		HideSolutionNode = FALSE
	EndGlobalSection
	GlobalSection(NestedProjects) = preSolution
		{969DFE0A-8143-4EFA-9F71-972AA7E5143D} = {F6C3B55D-30A7-446C-B402-91B768449EA9}
		{EF126ADF-B9ED-4DEB-BDB0-D74B569952EF} = {C5479B51-2345-4151-A389-1E21502AB483}
		{6071CE43-7EAC-4954-8F6B-E69A77F9ADD9} = {3EFA8CDB-AB7C-4C34-B0F7-05075FDF2A07}
		{F2E76A43-BED9-409E-906B-E5989D6B0780} = {C17C6E71-1E9B-453C-88AD-4FB4ACAD31B0}
		{AEBA09CD-040C-4A4E-B706-479C292DAB72} = {7A316DE3-FE1C-4AF9-BFD0-8D018F7CD5B1}
	EndGlobalSection
	GlobalSection(ExtensibilityGlobals) = postSolution
		SolutionGuid = {6B8FD30F-73DB-479B-BC34-115511FEBAAB}
	EndGlobalSection
EndGlobal
